// !$*UTF8*$!
{
	archiveVersion = 1;
	classes = {
	};
	objectVersion = 46;
	objects = {

/* Begin PBXBuildFile section */
		4217D6C1198CF336001EA7F2 /* Foundation.framework in Frameworks */ = {isa = PBXBuildFile; fileRef = 4217D6C0198CF336001EA7F2 /* Foundation.framework */; };
		4217D6C3198CF336001EA7F2 /* CoreGraphics.framework in Frameworks */ = {isa = PBXBuildFile; fileRef = 4217D6C2198CF336001EA7F2 /* CoreGraphics.framework */; };
		4217D6C5198CF336001EA7F2 /* UIKit.framework in Frameworks */ = {isa = PBXBuildFile; fileRef = 4217D6C4198CF336001EA7F2 /* UIKit.framework */; };
		4217D6CB198CF336001EA7F2 /* InfoPlist.strings in Resources */ = {isa = PBXBuildFile; fileRef = 4217D6C9198CF336001EA7F2 /* InfoPlist.strings */; };
		4217D6CD198CF336001EA7F2 /* main.m in Sources */ = {isa = PBXBuildFile; fileRef = 4217D6CC198CF336001EA7F2 /* main.m */; };
		4217D6D1198CF336001EA7F2 /* AppDelegate.m in Sources */ = {isa = PBXBuildFile; fileRef = 4217D6D0198CF336001EA7F2 /* AppDelegate.m */; };
		4217D6D4198CF336001EA7F2 /* Main_iPhone.storyboard in Resources */ = {isa = PBXBuildFile; fileRef = 4217D6D2198CF336001EA7F2 /* Main_iPhone.storyboard */; };
		4217D6D7198CF336001EA7F2 /* Main_iPad.storyboard in Resources */ = {isa = PBXBuildFile; fileRef = 4217D6D5198CF336001EA7F2 /* Main_iPad.storyboard */; };
		4217D6DA198CF336001EA7F2 /* ViewController.m in Sources */ = {isa = PBXBuildFile; fileRef = 4217D6D9198CF336001EA7F2 /* ViewController.m */; };
		4217D6DC198CF336001EA7F2 /* Images.xcassets in Resources */ = {isa = PBXBuildFile; fileRef = 4217D6DB198CF336001EA7F2 /* Images.xcassets */; };
		4217D6E3198CF336001EA7F2 /* XCTest.framework in Frameworks */ = {isa = PBXBuildFile; fileRef = 4217D6E2198CF336001EA7F2 /* XCTest.framework */; };
		4217D6E4198CF336001EA7F2 /* Foundation.framework in Frameworks */ = {isa = PBXBuildFile; fileRef = 4217D6C0198CF336001EA7F2 /* Foundation.framework */; };
		4217D6E5198CF336001EA7F2 /* UIKit.framework in Frameworks */ = {isa = PBXBuildFile; fileRef = 4217D6C4198CF336001EA7F2 /* UIKit.framework */; };
		4217D6ED198CF336001EA7F2 /* InfoPlist.strings in Resources */ = {isa = PBXBuildFile; fileRef = 4217D6EB198CF336001EA7F2 /* InfoPlist.strings */; };
		4217D6EF198CF336001EA7F2 /* techcamptestTests.m in Sources */ = {isa = PBXBuildFile; fileRef = 4217D6EE198CF336001EA7F2 /* techcamptestTests.m */; };
/* End PBXBuildFile section */

/* Begin PBXContainerItemProxy section */
		4217D6E6198CF336001EA7F2 /* PBXContainerItemProxy */ = {
			isa = PBXContainerItemProxy;
			containerPortal = 4217D6B5198CF336001EA7F2 /* Project object */;
			proxyType = 1;
			remoteGlobalIDString = 4217D6BC198CF336001EA7F2;
			remoteInfo = techcamptest;
		};
/* End PBXContainerItemProxy section */

/* Begin PBXFileReference section */
		4217D6BD198CF336001EA7F2 /* techcamptest.app */ = {isa = PBXFileReference; explicitFileType = wrapper.application; includeInIndex = 0; path = techcamptest.app; sourceTree = BUILT_PRODUCTS_DIR; };
		4217D6C0198CF336001EA7F2 /* Foundation.framework */ = {isa = PBXFileReference; lastKnownFileType = wrapper.framework; name = Foundation.framework; path = System/Library/Frameworks/Foundation.framework; sourceTree = SDKROOT; };
		4217D6C2198CF336001EA7F2 /* CoreGraphics.framework */ = {isa = PBXFileReference; lastKnownFileType = wrapper.framework; name = CoreGraphics.framework; path = System/Library/Frameworks/CoreGraphics.framework; sourceTree = SDKROOT; };
		4217D6C4198CF336001EA7F2 /* UIKit.framework */ = {isa = PBXFileReference; lastKnownFileType = wrapper.framework; name = UIKit.framework; path = System/Library/Frameworks/UIKit.framework; sourceTree = SDKROOT; };
		4217D6C8198CF336001EA7F2 /* techcamptest-Info.plist */ = {isa = PBXFileReference; lastKnownFileType = text.plist.xml; path = "techcamptest-Info.plist"; sourceTree = "<group>"; };
		4217D6CA198CF336001EA7F2 /* en */ = {isa = PBXFileReference; lastKnownFileType = text.plist.strings; name = en; path = en.lproj/InfoPlist.strings; sourceTree = "<group>"; };
		4217D6CC198CF336001EA7F2 /* main.m */ = {isa = PBXFileReference; lastKnownFileType = sourcecode.c.objc; path = main.m; sourceTree = "<group>"; };
		4217D6CE198CF336001EA7F2 /* techcamptest-Prefix.pch */ = {isa = PBXFileReference; lastKnownFileType = sourcecode.c.h; path = "techcamptest-Prefix.pch"; sourceTree = "<group>"; };
		4217D6CF198CF336001EA7F2 /* AppDelegate.h */ = {isa = PBXFileReference; lastKnownFileType = sourcecode.c.h; path = AppDelegate.h; sourceTree = "<group>"; };
		4217D6D0198CF336001EA7F2 /* AppDelegate.m */ = {isa = PBXFileReference; lastKnownFileType = sourcecode.c.objc; path = AppDelegate.m; sourceTree = "<group>"; };
		4217D6D3198CF336001EA7F2 /* Base */ = {isa = PBXFileReference; lastKnownFileType = file.storyboard; name = Base; path = Base.lproj/Main_iPhone.storyboard; sourceTree = "<group>"; };
		4217D6D6198CF336001EA7F2 /* Base */ = {isa = PBXFileReference; lastKnownFileType = file.storyboard; name = Base; path = Base.lproj/Main_iPad.storyboard; sourceTree = "<group>"; };
		4217D6D8198CF336001EA7F2 /* ViewController.h */ = {isa = PBXFileReference; lastKnownFileType = sourcecode.c.h; path = ViewController.h; sourceTree = "<group>"; };
		4217D6D9198CF336001EA7F2 /* ViewController.m */ = {isa = PBXFileReference; lastKnownFileType = sourcecode.c.objc; path = ViewController.m; sourceTree = "<group>"; };
		4217D6DB198CF336001EA7F2 /* Images.xcassets */ = {isa = PBXFileReference; lastKnownFileType = folder.assetcatalog; path = Images.xcassets; sourceTree = "<group>"; };
		4217D6E1198CF336001EA7F2 /* techcamptestTests.xctest */ = {isa = PBXFileReference; explicitFileType = wrapper.cfbundle; includeInIndex = 0; path = techcamptestTests.xctest; sourceTree = BUILT_PRODUCTS_DIR; };
		4217D6E2198CF336001EA7F2 /* XCTest.framework */ = {isa = PBXFileReference; lastKnownFileType = wrapper.framework; name = XCTest.framework; path = Library/Frameworks/XCTest.framework; sourceTree = DEVELOPER_DIR; };
		4217D6EA198CF336001EA7F2 /* techcamptestTests-Info.plist */ = {isa = PBXFileReference; lastKnownFileType = text.plist.xml; path = "techcamptestTests-Info.plist"; sourceTree = "<group>"; };
		4217D6EC198CF336001EA7F2 /* en */ = {isa = PBXFileReference; lastKnownFileType = text.plist.strings; name = en; path = en.lproj/InfoPlist.strings; sourceTree = "<group>"; };
		4217D6EE198CF336001EA7F2 /* techcamptestTests.m */ = {isa = PBXFileReference; lastKnownFileType = sourcecode.c.objc; path = techcamptestTests.m; sourceTree = "<group>"; };
/* End PBXFileReference section */

/* Begin PBXFrameworksBuildPhase section */
		4217D6BA198CF336001EA7F2 /* Frameworks */ = {
			isa = PBXFrameworksBuildPhase;
			buildActionMask = 2147483647;
			files = (
				4217D6C3198CF336001EA7F2 /* CoreGraphics.framework in Frameworks */,
				4217D6C5198CF336001EA7F2 /* UIKit.framework in Frameworks */,
				4217D6C1198CF336001EA7F2 /* Foundation.framework in Frameworks */,
			);
			runOnlyForDeploymentPostprocessing = 0;
		};
		4217D6DE198CF336001EA7F2 /* Frameworks */ = {
			isa = PBXFrameworksBuildPhase;
			buildActionMask = 2147483647;
			files = (
				4217D6E3198CF336001EA7F2 /* XCTest.framework in Frameworks */,
				4217D6E5198CF336001EA7F2 /* UIKit.framework in Frameworks */,
				4217D6E4198CF336001EA7F2 /* Foundation.framework in Frameworks */,
			);
			runOnlyForDeploymentPostprocessing = 0;
		};
/* End PBXFrameworksBuildPhase section */

/* Begin PBXGroup section */
		4217D6B4198CF336001EA7F2 = {
			isa = PBXGroup;
			children = (
				4217D6C6198CF336001EA7F2 /* techcamptest */,
				4217D6E8198CF336001EA7F2 /* techcamptestTests */,
				4217D6BF198CF336001EA7F2 /* Frameworks */,
				4217D6BE198CF336001EA7F2 /* Products */,
			);
			sourceTree = "<group>";
		};
		4217D6BE198CF336001EA7F2 /* Products */ = {
			isa = PBXGroup;
			children = (
				4217D6BD198CF336001EA7F2 /* techcamptest.app */,
				4217D6E1198CF336001EA7F2 /* techcamptestTests.xctest */,
			);
			name = Products;
			sourceTree = "<group>";
		};
		4217D6BF198CF336001EA7F2 /* Frameworks */ = {
			isa = PBXGroup;
			children = (
				4217D6C0198CF336001EA7F2 /* Foundation.framework */,
				4217D6C2198CF336001EA7F2 /* CoreGraphics.framework */,
				4217D6C4198CF336001EA7F2 /* UIKit.framework */,
				4217D6E2198CF336001EA7F2 /* XCTest.framework */,
			);
			name = Frameworks;
			sourceTree = "<group>";
		};
		4217D6C6198CF336001EA7F2 /* techcamptest */ = {
			isa = PBXGroup;
			children = (
				4217D6CF198CF336001EA7F2 /* AppDelegate.h */,
				4217D6D0198CF336001EA7F2 /* AppDelegate.m */,
				4217D6D2198CF336001EA7F2 /* Main_iPhone.storyboard */,
				4217D6D5198CF336001EA7F2 /* Main_iPad.storyboard */,
				4217D6D8198CF336001EA7F2 /* ViewController.h */,
				4217D6D9198CF336001EA7F2 /* ViewController.m */,
				4217D6DB198CF336001EA7F2 /* Images.xcassets */,
				4217D6C7198CF336001EA7F2 /* Supporting Files */,
			);
			path = techcamptest;
			sourceTree = "<group>";
		};
		4217D6C7198CF336001EA7F2 /* Supporting Files */ = {
			isa = PBXGroup;
			children = (
				4217D6C8198CF336001EA7F2 /* techcamptest-Info.plist */,
				4217D6C9198CF336001EA7F2 /* InfoPlist.strings */,
				4217D6CC198CF336001EA7F2 /* main.m */,
				4217D6CE198CF336001EA7F2 /* techcamptest-Prefix.pch */,
			);
			name = "Supporting Files";
			sourceTree = "<group>";
		};
		4217D6E8198CF336001EA7F2 /* techcamptestTests */ = {
			isa = PBXGroup;
			children = (
				4217D6EE198CF336001EA7F2 /* techcamptestTests.m */,
				4217D6E9198CF336001EA7F2 /* Supporting Files */,
			);
			path = techcamptestTests;
			sourceTree = "<group>";
		};
		4217D6E9198CF336001EA7F2 /* Supporting Files */ = {
			isa = PBXGroup;
			children = (
				4217D6EA198CF336001EA7F2 /* techcamptestTests-Info.plist */,
				4217D6EB198CF336001EA7F2 /* InfoPlist.strings */,
			);
			name = "Supporting Files";
			sourceTree = "<group>";
		};
/* End PBXGroup section */

/* Begin PBXNativeTarget section */
		4217D6BC198CF336001EA7F2 /* techcamptest */ = {
			isa = PBXNativeTarget;
			buildConfigurationList = 4217D6F2198CF336001EA7F2 /* Build configuration list for PBXNativeTarget "techcamptest" */;
			buildPhases = (
				4217D6B9198CF336001EA7F2 /* Sources */,
				4217D6BA198CF336001EA7F2 /* Frameworks */,
				4217D6BB198CF336001EA7F2 /* Resources */,
			);
			buildRules = (
			);
			dependencies = (
			);
			name = techcamptest;
			productName = techcamptest;
			productReference = 4217D6BD198CF336001EA7F2 /* techcamptest.app */;
			productType = "com.apple.product-type.application";
		};
		4217D6E0198CF336001EA7F2 /* techcamptestTests */ = {
			isa = PBXNativeTarget;
			buildConfigurationList = 4217D6F5198CF336001EA7F2 /* Build configuration list for PBXNativeTarget "techcamptestTests" */;
			buildPhases = (
				4217D6DD198CF336001EA7F2 /* Sources */,
				4217D6DE198CF336001EA7F2 /* Frameworks */,
				4217D6DF198CF336001EA7F2 /* Resources */,
			);
			buildRules = (
			);
			dependencies = (
				4217D6E7198CF336001EA7F2 /* PBXTargetDependency */,
			);
			name = techcamptestTests;
			productName = techcamptestTests;
			productReference = 4217D6E1198CF336001EA7F2 /* techcamptestTests.xctest */;
			productType = "com.apple.product-type.bundle.unit-test";
		};
/* End PBXNativeTarget section */

/* Begin PBXProject section */
		4217D6B5198CF336001EA7F2 /* Project object */ = {
			isa = PBXProject;
			attributes = {
				LastUpgradeCheck = 0510;
				TargetAttributes = {
					4217D6E0198CF336001EA7F2 = {
						TestTargetID = 4217D6BC198CF336001EA7F2;
					};
				};
			};
			buildConfigurationList = 4217D6B8198CF336001EA7F2 /* Build configuration list for PBXProject "techcamptest" */;
			compatibilityVersion = "Xcode 3.2";
			developmentRegion = English;
			hasScannedForEncodings = 0;
			knownRegions = (
				en,
				Base,
			);
			mainGroup = 4217D6B4198CF336001EA7F2;
			productRefGroup = 4217D6BE198CF336001EA7F2 /* Products */;
			projectDirPath = "";
			projectRoot = "";
			targets = (
				4217D6BC198CF336001EA7F2 /* techcamptest */,
				4217D6E0198CF336001EA7F2 /* techcamptestTests */,
			);
		};
/* End PBXProject section */

/* Begin PBXResourcesBuildPhase section */
		4217D6BB198CF336001EA7F2 /* Resources */ = {
			isa = PBXResourcesBuildPhase;
			buildActionMask = 2147483647;
			files = (
				4217D6D7198CF336001EA7F2 /* Main_iPad.storyboard in Resources */,
				4217D6DC198CF336001EA7F2 /* Images.xcassets in Resources */,
				4217D6D4198CF336001EA7F2 /* Main_iPhone.storyboard in Resources */,
				4217D6CB198CF336001EA7F2 /* InfoPlist.strings in Resources */,
			);
			runOnlyForDeploymentPostprocessing = 0;
		};
		4217D6DF198CF336001EA7F2 /* Resources */ = {
			isa = PBXResourcesBuildPhase;
			buildActionMask = 2147483647;
			files = (
				4217D6ED198CF336001EA7F2 /* InfoPlist.strings in Resources */,
			);
			runOnlyForDeploymentPostprocessing = 0;
		};
/* End PBXResourcesBuildPhase section */

/* Begin PBXSourcesBuildPhase section */
		4217D6B9198CF336001EA7F2 /* Sources */ = {
			isa = PBXSourcesBuildPhase;
			buildActionMask = 2147483647;
			files = (
				4217D6DA198CF336001EA7F2 /* ViewController.m in Sources */,
				4217D6D1198CF336001EA7F2 /* AppDelegate.m in Sources */,
				4217D6CD198CF336001EA7F2 /* main.m in Sources */,
			);
			runOnlyForDeploymentPostprocessing = 0;
		};
		4217D6DD198CF336001EA7F2 /* Sources */ = {
			isa = PBXSourcesBuildPhase;
			buildActionMask = 2147483647;
			files = (
				4217D6EF198CF336001EA7F2 /* techcamptestTests.m in Sources */,
			);
			runOnlyForDeploymentPostprocessing = 0;
		};
/* End PBXSourcesBuildPhase section */

/* Begin PBXTargetDependency section */
		4217D6E7198CF336001EA7F2 /* PBXTargetDependency */ = {
			isa = PBXTargetDependency;
			target = 4217D6BC198CF336001EA7F2 /* techcamptest */;
			targetProxy = 4217D6E6198CF336001EA7F2 /* PBXContainerItemProxy */;
		};
/* End PBXTargetDependency section */

/* Begin PBXVariantGroup section */
		4217D6C9198CF336001EA7F2 /* InfoPlist.strings */ = {
			isa = PBXVariantGroup;
			children = (
				4217D6CA198CF336001EA7F2 /* en */,
			);
			name = InfoPlist.strings;
			sourceTree = "<group>";
		};
		4217D6D2198CF336001EA7F2 /* Main_iPhone.storyboard */ = {
			isa = PBXVariantGroup;
			children = (
				4217D6D3198CF336001EA7F2 /* Base */,
			);
			name = Main_iPhone.storyboard;
			sourceTree = "<group>";
		};
		4217D6D5198CF336001EA7F2 /* Main_iPad.storyboard */ = {
			isa = PBXVariantGroup;
			children = (
				4217D6D6198CF336001EA7F2 /* Base */,
			);
			name = Main_iPad.storyboard;
			sourceTree = "<group>";
		};
		4217D6EB198CF336001EA7F2 /* InfoPlist.strings */ = {
			isa = PBXVariantGroup;
			children = (
				4217D6EC198CF336001EA7F2 /* en */,
			);
			name = InfoPlist.strings;
			sourceTree = "<group>";
		};
/* End PBXVariantGroup section */

/* Begin XCBuildConfiguration section */
		4217D6F0198CF336001EA7F2 /* Debug */ = {
			isa = XCBuildConfiguration;
			buildSettings = {
				ALWAYS_SEARCH_USER_PATHS = NO;
				CLANG_CXX_LANGUAGE_STANDARD = "gnu++0x";
				CLANG_CXX_LIBRARY = "libc++";
				CLANG_ENABLE_MODULES = YES;
				CLANG_ENABLE_OBJC_ARC = YES;
				CLANG_WARN_BOOL_CONVERSION = YES;
				CLANG_WARN_CONSTANT_CONVERSION = YES;
				CLANG_WARN_DIRECT_OBJC_ISA_USAGE = YES_ERROR;
				CLANG_WARN_EMPTY_BODY = YES;
				CLANG_WARN_ENUM_CONVERSION = YES;
				CLANG_WARN_INT_CONVERSION = YES;
				CLANG_WARN_OBJC_ROOT_CLASS = YES_ERROR;
				CLANG_WARN__DUPLICATE_METHOD_MATCH = YES;
				"CODE_SIGN_IDENTITY[sdk=iphoneos*]" = "iPhone Developer";
				COPY_PHASE_STRIP = NO;
				GCC_C_LANGUAGE_STANDARD = gnu99;
				GCC_DYNAMIC_NO_PIC = NO;
				GCC_OPTIMIZATION_LEVEL = 0;
				GCC_PREPROCESSOR_DEFINITIONS = (
					"DEBUG=1",
					"$(inherited)",
				);
				GCC_SYMBOLS_PRIVATE_EXTERN = NO;
				GCC_WARN_64_TO_32_BIT_CONVERSION = YES;
				GCC_WARN_ABOUT_RETURN_TYPE = YES_ERROR;
				GCC_WARN_UNDECLARED_SELECTOR = YES;
				GCC_WARN_UNINITIALIZED_AUTOS = YES_AGGRESSIVE;
				GCC_WARN_UNUSED_FUNCTION = YES;
				GCC_WARN_UNUSED_VARIABLE = YES;
				IPHONEOS_DEPLOYMENT_TARGET = 7.1;
				ONLY_ACTIVE_ARCH = YES;
				SDKROOT = iphoneos;
				TARGETED_DEVICE_FAMILY = "1,2";
			};
			name = Debug;
		};
		4217D6F1198CF336001EA7F2 /* Release */ = {
			isa = XCBuildConfiguration;
			buildSettings = {
				ALWAYS_SEARCH_USER_PATHS = NO;
				CLANG_CXX_LANGUAGE_STANDARD = "gnu++0x";
				CLANG_CXX_LIBRARY = "libc++";
				CLANG_ENABLE_MODULES = YES;
				CLANG_ENABLE_OBJC_ARC = YES;
				CLANG_WARN_BOOL_CONVERSION = YES;
				CLANG_WARN_CONSTANT_CONVERSION = YES;
				CLANG_WARN_DIRECT_OBJC_ISA_USAGE = YES_ERROR;
				CLANG_WARN_EMPTY_BODY = YES;
				CLANG_WARN_ENUM_CONVERSION = YES;
				CLANG_WARN_INT_CONVERSION = YES;
				CLANG_WARN_OBJC_ROOT_CLASS = YES_ERROR;
				CLANG_WARN__DUPLICATE_METHOD_MATCH = YES;
				"CODE_SIGN_IDENTITY[sdk=iphoneos*]" = "iPhone Developer";
				COPY_PHASE_STRIP = YES;
				ENABLE_NS_ASSERTIONS = NO;
				GCC_C_LANGUAGE_STANDARD = gnu99;
				GCC_WARN_64_TO_32_BIT_CONVERSION = YES;
				GCC_WARN_ABOUT_RETURN_TYPE = YES_ERROR;
				GCC_WARN_UNDECLARED_SELECTOR = YES;
				GCC_WARN_UNINITIALIZED_AUTOS = YES_AGGRESSIVE;
				GCC_WARN_UNUSED_FUNCTION = YES;
				GCC_WARN_UNUSED_VARIABLE = YES;
				IPHONEOS_DEPLOYMENT_TARGET = 7.1;
				SDKROOT = iphoneos;
				TARGETED_DEVICE_FAMILY = "1,2";
				VALIDATE_PRODUCT = YES;
			};
			name = Release;
		};
		4217D6F3198CF336001EA7F2 /* Debug */ = {
			isa = XCBuildConfiguration;
			buildSettings = {
				ASSETCATALOG_COMPILER_APPICON_NAME = AppIcon;
				ASSETCATALOG_COMPILER_LAUNCHIMAGE_NAME = LaunchImage;
				GCC_PRECOMPILE_PREFIX_HEADER = YES;
				GCC_PREFIX_HEADER = "techcamptest/techcamptest-Prefix.pch";
				INFOPLIST_FILE = "techcamptest/techcamptest-Info.plist";
				PRODUCT_NAME = "$(TARGET_NAME)";
				WRAPPER_EXTENSION = app;
			};
			name = Debug;
		};
		4217D6F4198CF336001EA7F2 /* Release */ = {
			isa = XCBuildConfiguration;
			buildSettings = {
				ASSETCATALOG_COMPILER_APPICON_NAME = AppIcon;
				ASSETCATALOG_COMPILER_LAUNCHIMAGE_NAME = LaunchImage;
				GCC_PRECOMPILE_PREFIX_HEADER = YES;
				GCC_PREFIX_HEADER = "techcamptest/techcamptest-Prefix.pch";
				INFOPLIST_FILE = "techcamptest/techcamptest-Info.plist";
				PRODUCT_NAME = "$(TARGET_NAME)";
				WRAPPER_EXTENSION = app;
			};
			name = Release;
		};
		4217D6F6198CF336001EA7F2 /* Debug */ = {
			isa = XCBuildConfiguration;
			buildSettings = {
				BUNDLE_LOADER = "$(BUILT_PRODUCTS_DIR)/techcamptest.app/techcamptest";
				FRAMEWORK_SEARCH_PATHS = (
					"$(SDKROOT)/Developer/Library/Frameworks",
					"$(inherited)",
					"$(DEVELOPER_FRAMEWORKS_DIR)",
				);
				GCC_PRECOMPILE_PREFIX_HEADER = YES;
				GCC_PREFIX_HEADER = "techcamptest/techcamptest-Prefix.pch";
				GCC_PREPROCESSOR_DEFINITIONS = (
					"DEBUG=1",
					"$(inherited)",
				);
				INFOPLIST_FILE = "techcamptestTests/techcamptestTests-Info.plist";
				PRODUCT_NAME = "$(TARGET_NAME)";
				TEST_HOST = "$(BUNDLE_LOADER)";
				WRAPPER_EXTENSION = xctest;
			};
			name = Debug;
		};
		4217D6F7198CF336001EA7F2 /* Release */ = {
			isa = XCBuildConfiguration;
			buildSettings = {
				BUNDLE_LOADER = "$(BUILT_PRODUCTS_DIR)/techcamptest.app/techcamptest";
				FRAMEWORK_SEARCH_PATHS = (
					"$(SDKROOT)/Developer/Library/Frameworks",
					"$(inherited)",
					"$(DEVELOPER_FRAMEWORKS_DIR)",
				);
				GCC_PRECOMPILE_PREFIX_HEADER = YES;
				GCC_PREFIX_HEADER = "techcamptest/techcamptest-Prefix.pch";
				INFOPLIST_FILE = "techcamptestTests/techcamptestTests-Info.plist";
				PRODUCT_NAME = "$(TARGET_NAME)";
				TEST_HOST = "$(BUNDLE_LOADER)";
				WRAPPER_EXTENSION = xctest;
			};
			name = Release;
		};
/* End XCBuildConfiguration section */

/* Begin XCConfigurationList section */
		4217D6B8198CF336001EA7F2 /* Build configuration list for PBXProject "techcamptest" */ = {
			isa = XCConfigurationList;
			buildConfigurations = (
				4217D6F0198CF336001EA7F2 /* Debug */,
				4217D6F1198CF336001EA7F2 /* Release */,
			);
			defaultConfigurationIsVisible = 0;
			defaultConfigurationName = Release;
		};
		4217D6F2198CF336001EA7F2 /* Build configuration list for PBXNativeTarget "techcamptest" */ = {
			isa = XCConfigurationList;
			buildConfigurations = (
				4217D6F3198CF336001EA7F2 /* Debug */,
				4217D6F4198CF336001EA7F2 /* Release */,
			);
			defaultConfigurationIsVisible = 0;
		};
		4217D6F5198CF336001EA7F2 /* Build configuration list for PBXNativeTarget "techcamptestTests" */ = {
			isa = XCConfigurationList;
			buildConfigurations = (
				4217D6F6198CF336001EA7F2 /* Debug */,
				4217D6F7198CF336001EA7F2 /* Release */,
			);
			defaultConfigurationIsVisible = 0;
		};
/* End XCConfigurationList section */
	};
	rootObject = 4217D6B5198CF336001EA7F2 /* Project object */;
}
